# @generated - this file is auto-generated by `mise lock` https://mise.jdx.dev/dev-tools/mise-lock.html

[[tools.bats]]
version = "1.13.0"
backend = "aqua:bats-core/bats-core"

[tools.bats."platforms.linux-arm64"]
url = "https://github.com/bats-core/bats-core/archive/refs/tags/v1.13.0.tar.gz"

[tools.bats."platforms.linux-arm64-musl"]
url = "https://github.com/bats-core/bats-core/archive/refs/tags/v1.13.0.tar.gz"

[tools.bats."platforms.linux-x64"]
checksum = "blake3:d34af9fd0f9101d5309b2de31f3d1699e56a574d7d4b5e6380580a9e758a9744"
url = "https://github.com/bats-core/bats-core/archive/refs/tags/v1.13.0.tar.gz"

[tools.bats."platforms.linux-x64-musl"]
url = "https://github.com/bats-core/bats-core/archive/refs/tags/v1.13.0.tar.gz"

[tools.bats."platforms.macos-arm64"]
url = "https://github.com/bats-core/bats-core/archive/refs/tags/v1.13.0.tar.gz"

[tools.bats."platforms.macos-x64"]
url = "https://github.com/bats-core/bats-core/archive/refs/tags/v1.13.0.tar.gz"

[[tools.circleci]]
version = "0.1.34770"
backend = "aqua:CircleCI-Public/circleci-cli"

[tools.circleci."platforms.linux-arm64"]
checksum = "sha256:be4115d2bc87d616ea47ed68d621980f62671bd21bdb6b5a6109215cc70290c2"
url = "https://github.com/CircleCI-Public/circleci-cli/releases/download/v0.1.34770/circleci-cli_0.1.34770_linux_arm64.tar.gz"

[tools.circleci."platforms.linux-arm64-musl"]
checksum = "sha256:be4115d2bc87d616ea47ed68d621980f62671bd21bdb6b5a6109215cc70290c2"
url = "https://github.com/CircleCI-Public/circleci-cli/releases/download/v0.1.34770/circleci-cli_0.1.34770_linux_arm64.tar.gz"

[tools.circleci."platforms.linux-x64"]
checksum = "sha256:347d6941a6b48b5c1cf605e9948deafb9d75469d9518b69794acdc09b4f2e218"
url = "https://github.com/CircleCI-Public/circleci-cli/releases/download/v0.1.34770/circleci-cli_0.1.34770_linux_amd64.tar.gz"

[tools.circleci."platforms.linux-x64-musl"]
checksum = "sha256:347d6941a6b48b5c1cf605e9948deafb9d75469d9518b69794acdc09b4f2e218"
url = "https://github.com/CircleCI-Public/circleci-cli/releases/download/v0.1.34770/circleci-cli_0.1.34770_linux_amd64.tar.gz"

[tools.circleci."platforms.macos-arm64"]
checksum = "sha256:3c645d41bf32ec334648c747e8f4f1ff6edff341c6db86b74c5f13fb231e9915"
url = "https://github.com/CircleCI-Public/circleci-cli/releases/download/v0.1.34770/circleci-cli_0.1.34770_darwin_amd64.tar.gz"

[tools.circleci."platforms.macos-x64"]
checksum = "sha256:3c645d41bf32ec334648c747e8f4f1ff6edff341c6db86b74c5f13fb231e9915"
url = "https://github.com/CircleCI-Public/circleci-cli/releases/download/v0.1.34770/circleci-cli_0.1.34770_darwin_amd64.tar.gz"

[tools.circleci."platforms.windows-x64"]
checksum = "sha256:9b1dc24176a0239244ea74037582b8fa2439848cec3a3abcb04cc024a5515740"
url = "https://github.com/CircleCI-Public/circleci-cli/releases/download/v0.1.34770/circleci-cli_0.1.34770_windows_amd64.zip"

[[tools."npm:prettier"]]
version = "2.8.8"
backend = "npm:prettier"
