# @generated - this file is auto-generated by `mise lock` https://mise.jdx.dev/dev-tools/mise-lock.html

[[tools."github:getoutreach/devenv"]]
version = "1.64.7"
backend = "github:getoutreach/devenv"

[tools."github:getoutreach/devenv"."platforms.linux-arm64"]
checksum = "sha256:e5782996de89bdcce801e8b0337edba11c18d6eea2758d742cd6a74813c36f6b"
url = "https://github.com/getoutreach/devenv/releases/download/v1.64.7/devenv_1.64.7_linux_arm64.tar.gz"
url_api = "https://api.github.com/repos/getoutreach/devenv/releases/assets/329481997"

[tools."github:getoutreach/devenv"."platforms.linux-arm64-musl"]
checksum = "sha256:e5782996de89bdcce801e8b0337edba11c18d6eea2758d742cd6a74813c36f6b"
url = "https://github.com/getoutreach/devenv/releases/download/v1.64.7/devenv_1.64.7_linux_arm64.tar.gz"
url_api = "https://api.github.com/repos/getoutreach/devenv/releases/assets/329481997"

[tools."github:getoutreach/devenv"."platforms.linux-x64"]
checksum = "sha256:41b9ea93be82effa248b441191b2cf065170c93c2f6ac9149c51974db0157d8e"
url = "https://github.com/getoutreach/devenv/releases/download/v1.64.7/devenv_1.64.7_linux_amd64.tar.gz"
url_api = "https://api.github.com/repos/getoutreach/devenv/releases/assets/329482017"

[tools."github:getoutreach/devenv"."platforms.linux-x64-musl"]
checksum = "sha256:41b9ea93be82effa248b441191b2cf065170c93c2f6ac9149c51974db0157d8e"
url = "https://github.com/getoutreach/devenv/releases/download/v1.64.7/devenv_1.64.7_linux_amd64.tar.gz"
url_api = "https://api.github.com/repos/getoutreach/devenv/releases/assets/329482017"

[tools."github:getoutreach/devenv"."platforms.macos-arm64"]
checksum = "sha256:f1f5d92a3fd186d114b650a467a683092ecbf0cd9b747cbf8a721777e5149160"
url = "https://github.com/getoutreach/devenv/releases/download/v1.64.7/devenv_1.64.7_darwin_arm64.tar.gz"
url_api = "https://api.github.com/repos/getoutreach/devenv/releases/assets/329482004"

[tools."github:getoutreach/devenv"."platforms.macos-x64"]
checksum = "sha256:4b559b6c5e504ecc086eb384e609307f064f011b1d8729e72401765653643afc"
url = "https://github.com/getoutreach/devenv/releases/download/v1.64.7/devenv_1.64.7_darwin_amd64.tar.gz"
url_api = "https://api.github.com/repos/getoutreach/devenv/releases/assets/329482011"

[[tools.kubectl]]
version = "1.29.15"
backend = "aqua:kubernetes/kubernetes/kubectl"

[tools.kubectl."platforms.linux-arm64"]
url = "https://dl.k8s.io/1.29.15/bin/linux/arm64/kubectl"

[tools.kubectl."platforms.linux-arm64-musl"]
url = "https://dl.k8s.io/1.29.15/bin/linux/arm64/kubectl"

[tools.kubectl."platforms.linux-x64"]
url = "https://dl.k8s.io/1.29.15/bin/linux/amd64/kubectl"

[tools.kubectl."platforms.linux-x64-musl"]
url = "https://dl.k8s.io/1.29.15/bin/linux/amd64/kubectl"

[tools.kubectl."platforms.macos-arm64"]
url = "https://dl.k8s.io/1.29.15/bin/darwin/arm64/kubectl"

[tools.kubectl."platforms.macos-x64"]
url = "https://dl.k8s.io/1.29.15/bin/darwin/amd64/kubectl"

[tools.kubectl."platforms.windows-x64"]
url = "https://dl.k8s.io/1.29.15/bin/windows/amd64/kubectl.exe"
