# @generated - this file is auto-generated by `mise lock` https://mise.jdx.dev/dev-tools/mise-lock.html

[[tools.github-cli]]
version = "2.83.2"
backend = "aqua:cli/cli"

[tools.github-cli."platforms.linux-arm64"]
checksum = "sha256:b1a0c0a0fcf18524e36996caddc92a062355ed014defc836203fe20fba75a38e"
url = "https://github.com/cli/cli/releases/download/v2.83.2/gh_2.83.2_linux_arm64.tar.gz"
provenance = "github-attestations"

[tools.github-cli."platforms.linux-arm64-musl"]
checksum = "sha256:b1a0c0a0fcf18524e36996caddc92a062355ed014defc836203fe20fba75a38e"
url = "https://github.com/cli/cli/releases/download/v2.83.2/gh_2.83.2_linux_arm64.tar.gz"
provenance = "github-attestations"

[tools.github-cli."platforms.linux-x64"]
checksum = "sha256:ca6e7641214fbd0e21429cec4b64a7ba626fd946d8f9d6d191467545b092015e"
url = "https://github.com/cli/cli/releases/download/v2.83.2/gh_2.83.2_linux_amd64.tar.gz"
provenance = "github-attestations"

[tools.github-cli."platforms.linux-x64-musl"]
checksum = "sha256:ca6e7641214fbd0e21429cec4b64a7ba626fd946d8f9d6d191467545b092015e"
url = "https://github.com/cli/cli/releases/download/v2.83.2/gh_2.83.2_linux_amd64.tar.gz"
provenance = "github-attestations"

[tools.github-cli."platforms.macos-arm64"]
checksum = "sha256:ba3e0396ebbc8da17256144ddda503e4e79c8b502166335569f8390d6b75fa8d"
url = "https://github.com/cli/cli/releases/download/v2.83.2/gh_2.83.2_macOS_arm64.zip"
provenance = "github-attestations"

[tools.github-cli."platforms.macos-x64"]
checksum = "sha256:6f1712519ccc768946791dc97da407bf188582345b73fef3d604d050ebf6f614"
url = "https://github.com/cli/cli/releases/download/v2.83.2/gh_2.83.2_macOS_amd64.zip"
provenance = "github-attestations"

[tools.github-cli."platforms.windows-x64"]
checksum = "sha256:b95bf2d953e3bf497bb2c0aed97ffcc5ed8471b80f0920d663a92a6111f05135"
url = "https://github.com/cli/cli/releases/download/v2.83.2/gh_2.83.2_windows_amd64.zip"
provenance = "github-attestations"

[[tools."github:getoutreach/ci"]]
version = "1.6.14"
backend = "github:getoutreach/ci"

[tools."github:getoutreach/ci"."platforms.linux-arm64"]
checksum = "sha256:22f3349aa67028201bdb1691dfb8833ef39e4f7229c9aa73ecda9b88a91cc2ac"
url = "https://github.com/getoutreach/ci/releases/download/v1.6.14/ci_1.6.14_linux_arm64.tar.gz"
url_api = "https://api.github.com/repos/getoutreach/ci/releases/assets/331854918"

[tools."github:getoutreach/ci"."platforms.linux-arm64-musl"]
checksum = "sha256:22f3349aa67028201bdb1691dfb8833ef39e4f7229c9aa73ecda9b88a91cc2ac"
url = "https://github.com/getoutreach/ci/releases/download/v1.6.14/ci_1.6.14_linux_arm64.tar.gz"
url_api = "https://api.github.com/repos/getoutreach/ci/releases/assets/331854918"

[tools."github:getoutreach/ci"."platforms.linux-x64"]
checksum = "sha256:a8bbc112b45bdbc713397eff318b317e248288d9bc277598794a25173d83e1be"
url = "https://github.com/getoutreach/ci/releases/download/v1.6.14/ci_1.6.14_linux_amd64.tar.gz"
url_api = "https://api.github.com/repos/getoutreach/ci/releases/assets/331854916"

[tools."github:getoutreach/ci"."platforms.linux-x64-musl"]
checksum = "sha256:a8bbc112b45bdbc713397eff318b317e248288d9bc277598794a25173d83e1be"
url = "https://github.com/getoutreach/ci/releases/download/v1.6.14/ci_1.6.14_linux_amd64.tar.gz"
url_api = "https://api.github.com/repos/getoutreach/ci/releases/assets/331854916"

[tools."github:getoutreach/ci"."platforms.macos-arm64"]
checksum = "sha256:0df9e9ffc39585dbc85ba6d9da8fd62924e8eae86c172c71377b84df3e5f2572"
url = "https://github.com/getoutreach/ci/releases/download/v1.6.14/ci_1.6.14_darwin_arm64.tar.gz"
url_api = "https://api.github.com/repos/getoutreach/ci/releases/assets/331854914"

[tools."github:getoutreach/ci"."platforms.macos-x64"]
checksum = "sha256:a27dfecb63877d3f25c3a0c0a1cbb60352e58d234df8e1cc81fe77169d6c7cb9"
url = "https://github.com/getoutreach/ci/releases/download/v1.6.14/ci_1.6.14_darwin_amd64.tar.gz"
url_api = "https://api.github.com/repos/getoutreach/ci/releases/assets/331854925"

[[tools."github:getoutreach/devenv"]]
version = "1.64.7"
backend = "github:getoutreach/devenv"

[tools."github:getoutreach/devenv"."platforms.linux-arm64"]
checksum = "sha256:e5782996de89bdcce801e8b0337edba11c18d6eea2758d742cd6a74813c36f6b"
url = "https://github.com/getoutreach/devenv/releases/download/v1.64.7/devenv_1.64.7_linux_arm64.tar.gz"
url_api = "https://api.github.com/repos/getoutreach/devenv/releases/assets/329481997"

[tools."github:getoutreach/devenv"."platforms.linux-arm64-musl"]
checksum = "sha256:e5782996de89bdcce801e8b0337edba11c18d6eea2758d742cd6a74813c36f6b"
url = "https://github.com/getoutreach/devenv/releases/download/v1.64.7/devenv_1.64.7_linux_arm64.tar.gz"
url_api = "https://api.github.com/repos/getoutreach/devenv/releases/assets/329481997"

[tools."github:getoutreach/devenv"."platforms.linux-x64"]
checksum = "sha256:41b9ea93be82effa248b441191b2cf065170c93c2f6ac9149c51974db0157d8e"
url = "https://github.com/getoutreach/devenv/releases/download/v1.64.7/devenv_1.64.7_linux_amd64.tar.gz"
url_api = "https://api.github.com/repos/getoutreach/devenv/releases/assets/329482017"

[tools."github:getoutreach/devenv"."platforms.linux-x64-musl"]
checksum = "sha256:41b9ea93be82effa248b441191b2cf065170c93c2f6ac9149c51974db0157d8e"
url = "https://github.com/getoutreach/devenv/releases/download/v1.64.7/devenv_1.64.7_linux_amd64.tar.gz"
url_api = "https://api.github.com/repos/getoutreach/devenv/releases/assets/329482017"

[tools."github:getoutreach/devenv"."platforms.macos-arm64"]
checksum = "sha256:f1f5d92a3fd186d114b650a467a683092ecbf0cd9b747cbf8a721777e5149160"
url = "https://github.com/getoutreach/devenv/releases/download/v1.64.7/devenv_1.64.7_darwin_arm64.tar.gz"
url_api = "https://api.github.com/repos/getoutreach/devenv/releases/assets/329482004"

[tools."github:getoutreach/devenv"."platforms.macos-x64"]
checksum = "sha256:4b559b6c5e504ecc086eb384e609307f064f011b1d8729e72401765653643afc"
url = "https://github.com/getoutreach/devenv/releases/download/v1.64.7/devenv_1.64.7_darwin_amd64.tar.gz"
url_api = "https://api.github.com/repos/getoutreach/devenv/releases/assets/329482011"

[[tools."github:getoutreach/kubecfg"]]
version = "0.28.1"
backend = "github:getoutreach/kubecfg"

[tools."github:getoutreach/kubecfg"."platforms.linux-arm64"]
url = "https://github.com/getoutreach/kubecfg/releases/download/v0.28.1/kubecfg-linux-arm64"
url_api = "https://api.github.com/repos/getoutreach/kubecfg/releases/assets/124754694"

[tools."github:getoutreach/kubecfg"."platforms.linux-arm64-musl"]
url = "https://github.com/getoutreach/kubecfg/releases/download/v0.28.1/kubecfg-linux-arm64"
url_api = "https://api.github.com/repos/getoutreach/kubecfg/releases/assets/124754694"

[tools."github:getoutreach/kubecfg"."platforms.linux-x64"]
url = "https://github.com/getoutreach/kubecfg/releases/download/v0.28.1/kubecfg-linux-amd64"
url_api = "https://api.github.com/repos/getoutreach/kubecfg/releases/assets/124754691"

[tools."github:getoutreach/kubecfg"."platforms.linux-x64-musl"]
url = "https://github.com/getoutreach/kubecfg/releases/download/v0.28.1/kubecfg-linux-amd64"
url_api = "https://api.github.com/repos/getoutreach/kubecfg/releases/assets/124754691"

[tools."github:getoutreach/kubecfg"."platforms.macos-arm64"]
url = "https://github.com/getoutreach/kubecfg/releases/download/v0.28.1/kubecfg-darwin-arm64"
url_api = "https://api.github.com/repos/getoutreach/kubecfg/releases/assets/124754693"

[tools."github:getoutreach/kubecfg"."platforms.macos-x64"]
url = "https://github.com/getoutreach/kubecfg/releases/download/v0.28.1/kubecfg-darwin-amd64"
url_api = "https://api.github.com/repos/getoutreach/kubecfg/releases/assets/124754695"

[tools."github:getoutreach/kubecfg"."platforms.windows-x64"]
url = "https://github.com/getoutreach/kubecfg/releases/download/v0.28.1/kubecfg-windows-amd64.exe"
url_api = "https://api.github.com/repos/getoutreach/kubecfg/releases/assets/124754692"

[[tools.gojq]]
version = "0.12.18"
backend = "aqua:itchyny/gojq"

[tools.gojq."platforms.linux-arm64"]
checksum = "sha256:519601a973cc74621d0ee775a86cac791f45bb69a78bd1901aadd46701b4c571"
url = "https://github.com/itchyny/gojq/releases/download/v0.12.18/gojq_v0.12.18_linux_arm64.tar.gz"

[tools.gojq."platforms.linux-arm64-musl"]
checksum = "sha256:519601a973cc74621d0ee775a86cac791f45bb69a78bd1901aadd46701b4c571"
url = "https://github.com/itchyny/gojq/releases/download/v0.12.18/gojq_v0.12.18_linux_arm64.tar.gz"

[tools.gojq."platforms.linux-x64"]
checksum = "sha256:7f00d3e5336749139199e650bcad89b93341b871f211a34e02fca79e59d5eb45"
url = "https://github.com/itchyny/gojq/releases/download/v0.12.18/gojq_v0.12.18_linux_amd64.tar.gz"

[tools.gojq."platforms.linux-x64-musl"]
checksum = "sha256:7f00d3e5336749139199e650bcad89b93341b871f211a34e02fca79e59d5eb45"
url = "https://github.com/itchyny/gojq/releases/download/v0.12.18/gojq_v0.12.18_linux_amd64.tar.gz"

[tools.gojq."platforms.macos-arm64"]
checksum = "sha256:bb3794b179f45534120ae5834077c9d1114913bd014ffaa1e24856920d4ab331"
url = "https://github.com/itchyny/gojq/releases/download/v0.12.18/gojq_v0.12.18_darwin_arm64.zip"

[tools.gojq."platforms.macos-x64"]
checksum = "sha256:6ca887b755e7c22330c64fe4cf9d974c19e9c1f081d362d8e4f0bf26f1635eda"
url = "https://github.com/itchyny/gojq/releases/download/v0.12.18/gojq_v0.12.18_darwin_amd64.zip"

[tools.gojq."platforms.windows-x64"]
checksum = "sha256:ecf343e99fb0190fede177becd6e8602386c801c0a98c7e10905a8d832f612d8"
url = "https://github.com/itchyny/gojq/releases/download/v0.12.18/gojq_v0.12.18_windows_amd64.zip"

[[tools.kubectl]]
version = "1.34.7"
backend = "aqua:kubernetes/kubernetes/kubectl"

[tools.kubectl."platforms.linux-arm64"]
checksum = "sha256:93d2113f1f38b5709f2955b7981fcd37d675c9aafda81702c202a63361b6093b"
url = "https://dl.k8s.io/v1.34.7/bin/linux/arm64/kubectl"

[tools.kubectl."platforms.linux-arm64-musl"]
checksum = "sha256:93d2113f1f38b5709f2955b7981fcd37d675c9aafda81702c202a63361b6093b"
url = "https://dl.k8s.io/v1.34.7/bin/linux/arm64/kubectl"

[tools.kubectl."platforms.linux-x64"]
checksum = "sha256:b46ecf2b80f76d5a7d58c296c2e11e42c85eaa1eb866ddbc1e91625f71c21000"
url = "https://dl.k8s.io/v1.34.7/bin/linux/amd64/kubectl"

[tools.kubectl."platforms.linux-x64-musl"]
checksum = "sha256:b46ecf2b80f76d5a7d58c296c2e11e42c85eaa1eb866ddbc1e91625f71c21000"
url = "https://dl.k8s.io/v1.34.7/bin/linux/amd64/kubectl"

[tools.kubectl."platforms.macos-arm64"]
checksum = "sha256:f808be27a5cfc1d2cb7c94ad47b7edcdf2d1489099653862e78aced77efb57ff"
url = "https://dl.k8s.io/v1.34.7/bin/darwin/arm64/kubectl"

[tools.kubectl."platforms.macos-x64"]
checksum = "sha256:8f2109d4e9b33f073b9849bee0c43cd7e6dd3af91657cbcffd33b8d37b1d8e76"
url = "https://dl.k8s.io/v1.34.7/bin/darwin/amd64/kubectl"

[tools.kubectl."platforms.windows-x64"]
checksum = "sha256:cd158f0f6e4e7624a7d82706d13b9fa8c70aa3026658217a2cf260d0933c4aa9"
url = "https://dl.k8s.io/v1.34.7/bin/windows/amd64/kubectl.exe"
