# @generated - this file is auto-generated by `mise lock` https://mise.jdx.dev/dev-tools/mise-lock.html

[[tools.bats]]
version = "1.13.0"
backend = "aqua:bats-core/bats-core"

[tools.bats."platforms.linux-arm64"]
url = "https://github.com/bats-core/bats-core/archive/refs/tags/v1.13.0.tar.gz"

[tools.bats."platforms.linux-arm64-musl"]
url = "https://github.com/bats-core/bats-core/archive/refs/tags/v1.13.0.tar.gz"

[tools.bats."platforms.linux-x64"]
checksum = "blake3:d34af9fd0f9101d5309b2de31f3d1699e56a574d7d4b5e6380580a9e758a9744"
url = "https://github.com/bats-core/bats-core/archive/refs/tags/v1.13.0.tar.gz"

[tools.bats."platforms.linux-x64-musl"]
url = "https://github.com/bats-core/bats-core/archive/refs/tags/v1.13.0.tar.gz"

[tools.bats."platforms.macos-arm64"]
url = "https://github.com/bats-core/bats-core/archive/refs/tags/v1.13.0.tar.gz"

[tools.bats."platforms.macos-x64"]
url = "https://github.com/bats-core/bats-core/archive/refs/tags/v1.13.0.tar.gz"

[[tools.circleci]]
version = "0.1.34950"
backend = "aqua:CircleCI-Public/circleci-cli"

[tools.circleci."platforms.linux-arm64"]
checksum = "sha256:46386f98ea6a593d61e0a303de081cf767d6dfce60f7d043b1af3010c1af1cd4"
url = "https://github.com/CircleCI-Public/circleci-cli/releases/download/v0.1.34950/circleci-cli_0.1.34950_linux_arm64.tar.gz"

[tools.circleci."platforms.linux-arm64-musl"]
checksum = "sha256:46386f98ea6a593d61e0a303de081cf767d6dfce60f7d043b1af3010c1af1cd4"
url = "https://github.com/CircleCI-Public/circleci-cli/releases/download/v0.1.34950/circleci-cli_0.1.34950_linux_arm64.tar.gz"

[tools.circleci."platforms.linux-x64"]
checksum = "sha256:522af40b3415c572188831c067504f1f5a6bea5606d0b06c9cf4b8ae5910a8c9"
url = "https://github.com/CircleCI-Public/circleci-cli/releases/download/v0.1.34950/circleci-cli_0.1.34950_linux_amd64.tar.gz"

[tools.circleci."platforms.linux-x64-musl"]
checksum = "sha256:522af40b3415c572188831c067504f1f5a6bea5606d0b06c9cf4b8ae5910a8c9"
url = "https://github.com/CircleCI-Public/circleci-cli/releases/download/v0.1.34950/circleci-cli_0.1.34950_linux_amd64.tar.gz"

[tools.circleci."platforms.macos-arm64"]
checksum = "sha256:a715c72780c91b4226e16d32f5715dd568c1675a09942b4e4941266fb8e0564c"
url = "https://github.com/CircleCI-Public/circleci-cli/releases/download/v0.1.34950/circleci-cli_0.1.34950_darwin_amd64.tar.gz"

[tools.circleci."platforms.macos-x64"]
checksum = "sha256:a715c72780c91b4226e16d32f5715dd568c1675a09942b4e4941266fb8e0564c"
url = "https://github.com/CircleCI-Public/circleci-cli/releases/download/v0.1.34950/circleci-cli_0.1.34950_darwin_amd64.tar.gz"

[tools.circleci."platforms.windows-x64"]
checksum = "sha256:6f3fca347ee19fdf40a41d9e151bcbcb06c99ce0c1838a9dac11d503075fcd84"
url = "https://github.com/CircleCI-Public/circleci-cli/releases/download/v0.1.34950/circleci-cli_0.1.34950_windows_amd64.zip"

[[tools."npm:prettier"]]
version = "2.8.8"
backend = "npm:prettier"
